
Microsoft Visual Studio Solution File, Format Version 12.00
# Visual Studio Version 16
VisualStudioVersion = 16.0.30114.105
MinimumVisualStudioVersion = 10.0.40219.1
Project("{FAE04EC0-301F-11D3-BF4B-00C04F79EFBC}") = "API", "API\API.csproj", "{0628C7C5-D77A-45EF-BE68-748F9EE4A0F8}"
EndProject
Project("{FAE04EC0-301F-11D3-BF4B-00C04F79EFBC}") = "Application", "Application\Application.csproj", "{7F3BDEEF-05E1-4915-8A87-EA7FD1839FF9}"
EndProject
Project("{FAE04EC0-301F-11D3-BF4B-00C04F79EFBC}") = "Domain", "Domain\Domain.csproj", "{4EF9F365-1D23-4CD7-9F2E-BDDCA5BEB078}"
EndProject
Project("{FAE04EC0-301F-11D3-BF4B-00C04F79EFBC}") = "Persistence", "Persistence\Persistence.csproj", "{D5AD3C52-770E-4253-927C-69B0C27202B2}"
EndProject
Global
	GlobalSection(SolutionConfigurationPlatforms) = preSolution
		Debug|Any CPU = Debug|Any CPU
		Debug|x64 = Debug|x64
		Debug|x86 = Debug|x86
		Release|Any CPU = Release|Any CPU
		Release|x64 = Release|x64
		Release|x86 = Release|x86
	EndGlobalSection
	GlobalSection(SolutionProperties) = preSolution
		HideSolutionNode = FALSE
	EndGlobalSection
	GlobalSection(ProjectConfigurationPlatforms) = postSolution
		{0628C7C5-D77A-45EF-BE68-748F9EE4A0F8}.Debug|Any CPU.ActiveCfg = Debug|Any CPU
		{0628C7C5-D77A-45EF-BE68-748F9EE4A0F8}.Debug|Any CPU.Build.0 = Debug|Any CPU
		{0628C7C5-D77A-45EF-BE68-748F9EE4A0F8}.Debug|x64.ActiveCfg = Debug|Any CPU
		{0628C7C5-D77A-45EF-BE68-748F9EE4A0F8}.Debug|x64.Build.0 = Debug|Any CPU
		{0628C7C5-D77A-45EF-BE68-748F9EE4A0F8}.Debug|x86.ActiveCfg = Debug|Any CPU
		{0628C7C5-D77A-45EF-BE68-748F9EE4A0F8}.Debug|x86.Build.0 = Debug|Any CPU
		{0628C7C5-D77A-45EF-BE68-748F9EE4A0F8}.Release|Any CPU.ActiveCfg = Release|Any CPU
		{0628C7C5-D77A-45EF-BE68-748F9EE4A0F8}.Release|Any CPU.Build.0 = Release|Any CPU
		{0628C7C5-D77A-45EF-BE68-748F9EE4A0F8}.Release|x64.ActiveCfg = Release|Any CPU
		{0628C7C5-D77A-45EF-BE68-748F9EE4A0F8}.Release|x64.Build.0 = Release|Any CPU
		{0628C7C5-D77A-45EF-BE68-748F9EE4A0F8}.Release|x86.ActiveCfg = Release|Any CPU
		{0628C7C5-D77A-45EF-BE68-748F9EE4A0F8}.Release|x86.Build.0 = Release|Any CPU
		{7F3BDEEF-05E1-4915-8A87-EA7FD1839FF9}.Debug|Any CPU.ActiveCfg = Debug|Any CPU
		{7F3BDEEF-05E1-4915-8A87-EA7FD1839FF9}.Debug|Any CPU.Build.0 = Debug|Any CPU
		{7F3BDEEF-05E1-4915-8A87-EA7FD1839FF9}.Debug|x64.ActiveCfg = Debug|Any CPU
		{7F3BDEEF-05E1-4915-8A87-EA7FD1839FF9}.Debug|x64.Build.0 = Debug|Any CPU
		{7F3BDEEF-05E1-4915-8A87-EA7FD1839FF9}.Debug|x86.ActiveCfg = Debug|Any CPU
		{7F3BDEEF-05E1-4915-8A87-EA7FD1839FF9}.Debug|x86.Build.0 = Debug|Any CPU
		{7F3BDEEF-05E1-4915-8A87-EA7FD1839FF9}.Release|Any CPU.ActiveCfg = Release|Any CPU
		{7F3BDEEF-05E1-4915-8A87-EA7FD1839FF9}.Release|Any CPU.Build.0 = Release|Any CPU
		{7F3BDEEF-05E1-4915-8A87-EA7FD1839FF9}.Release|x64.ActiveCfg = Release|Any CPU
		{7F3BDEEF-05E1-4915-8A87-EA7FD1839FF9}.Release|x64.Build.0 = Release|Any CPU
		{7F3BDEEF-05E1-4915-8A87-EA7FD1839FF9}.Release|x86.ActiveCfg = Release|Any CPU
		{7F3BDEEF-05E1-4915-8A87-EA7FD1839FF9}.Release|x86.Build.0 = Release|Any CPU
		{4EF9F365-1D23-4CD7-9F2E-BDDCA5BEB078}.Debug|Any CPU.ActiveCfg = Debug|Any CPU
		{4EF9F365-1D23-4CD7-9F2E-BDDCA5BEB078}.Debug|Any CPU.Build.0 = Debug|Any CPU
		{4EF9F365-1D23-4CD7-9F2E-BDDCA5BEB078}.Debug|x64.ActiveCfg = Debug|Any CPU
		{4EF9F365-1D23-4CD7-9F2E-BDDCA5BEB078}.Debug|x64.Build.0 = Debug|Any CPU
		{4EF9F365-1D23-4CD7-9F2E-BDDCA5BEB078}.Debug|x86.ActiveCfg = Debug|Any CPU
		{4EF9F365-1D23-4CD7-9F2E-BDDCA5BEB078}.Debug|x86.Build.0 = Debug|Any CPU
		{4EF9F365-1D23-4CD7-9F2E-BDDCA5BEB078}.Release|Any CPU.ActiveCfg = Release|Any CPU
		{4EF9F365-1D23-4CD7-9F2E-BDDCA5BEB078}.Release|Any CPU.Build.0 = Release|Any CPU
		{4EF9F365-1D23-4CD7-9F2E-BDDCA5BEB078}.Release|x64.ActiveCfg = Release|Any CPU
		{4EF9F365-1D23-4CD7-9F2E-BDDCA5BEB078}.Release|x64.Build.0 = Release|Any CPU
		{4EF9F365-1D23-4CD7-9F2E-BDDCA5BEB078}.Release|x86.ActiveCfg = Release|Any CPU
		{4EF9F365-1D23-4CD7-9F2E-BDDCA5BEB078}.Release|x86.Build.0 = Release|Any CPU
		{D5AD3C52-770E-4253-927C-69B0C27202B2}.Debug|Any CPU.ActiveCfg = Debug|Any CPU
		{D5AD3C52-770E-4253-927C-69B0C27202B2}.Debug|Any CPU.Build.0 = Debug|Any CPU
		{D5AD3C52-770E-4253-927C-69B0C27202B2}.Debug|x64.ActiveCfg = Debug|Any CPU
		{D5AD3C52-770E-4253-927C-69B0C27202B2}.Debug|x64.Build.0 = Debug|Any CPU
		{D5AD3C52-770E-4253-927C-69B0C27202B2}.Debug|x86.ActiveCfg = Debug|Any CPU
		{D5AD3C52-770E-4253-927C-69B0C27202B2}.Debug|x86.Build.0 = Debug|Any CPU
		{D5AD3C52-770E-4253-927C-69B0C27202B2}.Release|Any CPU.ActiveCfg = Release|Any CPU
		{D5AD3C52-770E-4253-927C-69B0C27202B2}.Release|Any CPU.Build.0 = Release|Any CPU
		{D5AD3C52-770E-4253-927C-69B0C27202B2}.Release|x64.ActiveCfg = Release|Any CPU
		{D5AD3C52-770E-4253-927C-69B0C27202B2}.Release|x64.Build.0 = Release|Any CPU
		{D5AD3C52-770E-4253-927C-69B0C27202B2}.Release|x86.ActiveCfg = Release|Any CPU
		{D5AD3C52-770E-4253-927C-69B0C27202B2}.Release|x86.Build.0 = Release|Any CPU
	EndGlobalSection
EndGlobal
